
Microsoft Visual Studio Solution File, Format Version 12.00
# Visual Studio Version 16
VisualStudioVersion = 16.0.30320.27
MinimumVisualStudioVersion = 10.0.40219.1
Project("{FAE04EC0-301F-11D3-BF4B-00C04F79EFBC}") = "ClientForm", "ClientForm\ClientForm.csproj", "{3778ECD7-9F70-4A38-B73E-5D0BE8C772A6}"
EndProject
Global
	GlobalSection(SolutionConfigurationPlatforms) = preSolution
		Debug|Any CPU = Debug|Any CPU
		Release|Any CPU = Release|Any CPU
	EndGlobalSection
	GlobalSection(ProjectConfigurationPlatforms) = postSolution
		{3778ECD7-9F70-4A38-B73E-5D0BE8C772A6}.Debug|Any CPU.ActiveCfg = Debug|Any CPU
		{3778ECD7-9F70-4A38-B73E-5D0BE8C772A6}.Debug|Any CPU.Build.0 = Debug|Any CPU
		{3778ECD7-9F70-4A38-B73E-5D0BE8C772A6}.Release|Any CPU.ActiveCfg = Release|Any CPU
		{3778ECD7-9F70-4A38-B73E-5D0BE8C772A6}.Release|Any CPU.Build.0 = Release|Any CPU
	EndGlobalSection
	GlobalSection(SolutionProperties) = preSolution
		HideSolutionNode = FALSE
	EndGlobalSection
	GlobalSection(ExtensibilityGlobals) = postSolution
		SolutionGuid = {C1E98660-61B0-43CE-B3F9-AC04B2982A93}
	EndGlobalSection
EndGlobal
